<?xml version="1.0" encoding="utf-8"?>
<Project ToolsVersion="4.0" xmlns="http://schemas.microsoft.com/developer/msbuild/2003">
  <ItemGroup>
    <Filter Include="源文件">
      <UniqueIdentifier>{4FC737F1-C7A5-4376-A066-2A32D752A2FF}</UniqueIdentifier>
      <Extensions>cpp;c;cc;cxx;def;odl;idl;hpj;bat;asm;asmx</Extensions>
    </Filter>
    <Filter Include="头文件">
      <UniqueIdentifier>{93995380-89BD-4b04-88EB-625FBE52EBFB}</UniqueIdentifier>
      <Extensions>h;hh;hpp;hxx;hm;inl;inc;xsd</Extensions>
    </Filter>
    <Filter Include="资源文件">
      <UniqueIdentifier>{67DA6AB6-F800-4c08-8B7A-83BB121AAD01}</UniqueIdentifier>
      <Extensions>rc;ico;cur;bmp;dlg;rc2;rct;bin;rgs;gif;jpg;jpeg;jpe;resx;tiff;tif;png;wav;mfcribbon-ms</Extensions>
    </Filter>
    <Filter Include="头文件\Math">
      <UniqueIdentifier>{df1fe875-4ae1-42a0-b57d-ff957f3982d3}</UniqueIdentifier>
    </Filter>
    <Filter Include="源文件\Math">
      <UniqueIdentifier>{a110f11d-da86-4031-9292-68d48debd92c}</UniqueIdentifier>
    </Filter>
    <Filter Include="头文件\Engine">
      <UniqueIdentifier>{e9424430-a966-4dd8-a43f-788c9d765d9d}</UniqueIdentifier>
    </Filter>
    <Filter Include="源文件\Engine">
      <UniqueIdentifier>{39be25ec-dd4c-466f-9740-57a7b8d232b0}</UniqueIdentifier>
    </Filter>
    <Filter Include="头文件\Physics">
      <UniqueIdentifier>{5e044029-704e-4d7d-9133-2816da7f4002}</UniqueIdentifier>
    </Filter>
    <Filter Include="源文件\Physics">
      <UniqueIdentifier>{ac20a182-35e5-4767-9129-4069ce5a68d6}</UniqueIdentifier>
    </Filter>
    <Filter Include="头文件\Physics\Force">
      <UniqueIdentifier>{a0d702ce-8a5b-4e25-abcc-12b7ec2487e6}</UniqueIdentifier>
    </Filter>
    <Filter Include="源文件\Physics\Force">
      <UniqueIdentifier>{e606147a-668a-4615-ac61-0ad7cc16d1c9}</UniqueIdentifier>
    </Filter>
    <Filter Include="头文件\Physics\Collision">
      <UniqueIdentifier>{bfcaf74b-13d4-491f-ba5e-74583e9c46a8}</UniqueIdentifier>
    </Filter>
    <Filter Include="源文件\Physics\Collision">
      <UniqueIdentifier>{373a99a9-0706-47ec-9ccc-11120c41b9b8}</UniqueIdentifier>
    </Filter>
    <Filter Include="头文件\Engine\Components">
      <UniqueIdentifier>{8cc6cc6f-da14-4536-94a0-06733f350863}</UniqueIdentifier>
    </Filter>
    <Filter Include="源文件\Engine\Components">
      <UniqueIdentifier>{0b38798f-5733-4884-a173-7e6f84233578}</UniqueIdentifier>
    </Filter>
    <Filter Include="头文件\GameLogic">
      <UniqueIdentifier>{409a9f10-ccac-4c26-bdf4-05dba1735734}</UniqueIdentifier>
    </Filter>
    <Filter Include="源文件\GameLogic">
      <UniqueIdentifier>{60c9ddd7-fa9f-43d3-aebc-9dd6340ddc1f}</UniqueIdentifier>
    </Filter>
  </ItemGroup>
  <ItemGroup>
    <Text Include="ReadMe.txt" />
  </ItemGroup>
  <ItemGroup>
    <ClInclude Include="stdafx.h">
      <Filter>头文件</Filter>
    </ClInclude>
    <ClInclude Include="targetver.h">
      <Filter>头文件</Filter>
    </ClInclude>
    <ClInclude Include="CEuler.h">
      <Filter>头文件\Math</Filter>
    </ClInclude>
    <ClInclude Include="CMatrix4.h">
      <Filter>头文件\Math</Filter>
    </ClInclude>
    <ClInclude Include="CQuaternion.h">
      <Filter>头文件\Math</Filter>
    </ClInclude>
    <ClInclude Include="CVector3.h">
      <Filter>头文件\Math</Filter>
    </ClInclude>
    <ClInclude Include="CglFont.h">
      <Filter>头文件\Engine</Filter>
    </ClInclude>
    <ClInclude Include="IManager.h">
      <Filter>头文件\Engine</Filter>
    </ClInclude>
    <ClInclude Include="InputManager.h">
      <Filter>头文件\Engine</Filter>
    </ClInclude>
    <ClInclude Include="OBB.h">
      <Filter>头文件\Physics</Filter>
    </ClInclude>
    <ClInclude Include="PointCollision.h">
      <Filter>头文件\Physics</Filter>
    </ClInclude>
    <ClInclude Include="GameObject.h">
      <Filter>头文件\Engine</Filter>
    </ClInclude>
    <ClInclude Include="Component.h">
      <Filter>头文件\Engine</Filter>
    </ClInclude>
    <ClInclude Include="GameObjectManager.h">
      <Filter>头文件\Engine</Filter>
    </ClInclude>
    <ClInclude Include="RigidBodyPrimitive.h">
      <Filter>头文件\Physics</Filter>
    </ClInclude>
    <ClInclude Include="EngineMainLoop.h">
      <Filter>头文件\Engine</Filter>
    </ClInclude>
    <ClInclude Include="RenderManager.h">
      <Filter>头文件\Engine</Filter>
    </ClInclude>
    <ClInclude Include="PhysicsManager.h">
      <Filter>头文件\Engine</Filter>
    </ClInclude>
    <ClInclude Include="TimeManager.h">
      <Filter>头文件\Engine</Filter>
    </ClInclude>
    <ClInclude Include="ForceGenerator.h">
      <Filter>头文件\Physics\Force</Filter>
    </ClInclude>
    <ClInclude Include="ForceGravity.h">
      <Filter>头文件\Physics\Force</Filter>
    </ClInclude>
    <ClInclude Include="BoundingSphere.h">
      <Filter>头文件\Physics\Collision</Filter>
    </ClInclude>
    <ClInclude Include="BVHNode.h">
      <Filter>头文件\Physics\Collision</Filter>
    </ClInclude>
    <ClInclude Include="PhysicsLitEnumStruct.h">
      <Filter>头文件\Physics</Filter>
    </ClInclude>
    <ClInclude Include="CollisionPrimitive.h">
      <Filter>头文件\Physics\Collision</Filter>
    </ClInclude>
    <ClInclude Include="Contact.h">
      <Filter>头文件\Physics\Collision</Filter>
    </ClInclude>
    <ClInclude Include="Math.h">
      <Filter>头文件\Math</Filter>
    </ClInclude>
    <ClInclude Include="CollisionData.h">
      <Filter>头文件\Physics\Collision</Filter>
    </ClInclude>
    <ClInclude Include="CollisionDetector.h">
      <Filter>头文件\Physics\Collision</Filter>
    </ClInclude>
    <ClInclude Include="IntersectionDetector.h">
      <Filter>头文件\Physics\Collision</Filter>
    </ClInclude>
    <ClInclude Include="Ray.h">
      <Filter>头文件\Physics\Collision</Filter>
    </ClInclude>
    <ClInclude Include="CVector4.h">
      <Filter>头文件\Math</Filter>
    </ClInclude>
    <ClInclude Include="Transform.h">
      <Filter>头文件\Engine\Components</Filter>
    </ClInclude>
    <ClInclude Include="RigidBody.h">
      <Filter>头文件\Engine\Components</Filter>
    </ClInclude>
    <ClInclude Include="PhysicsLit.h">
      <Filter>头文件\Physics</Filter>
    </ClInclude>
    <ClInclude Include="Collider.h">
      <Filter>头文件\Engine\Components</Filter>
    </ClInclude>
    <ClInclude Include="BoxCollider.h">
      <Filter>头文件\Engine\Components</Filter>
    </ClInclude>
    <ClInclude Include="ContactResolver.h">
      <Filter>头文件\Physics\Collision</Filter>
    </ClInclude>
    <ClInclude Include="PlaneCollider.h">
      <Filter>头文件\Engine\Components</Filter>
    </ClInclude>
    <ClInclude Include="CMatrix3.h">
      <Filter>头文件\Math</Filter>
    </ClInclude>
    <ClInclude Include="CModel.h">
      <Filter>头文件\Engine</Filter>
    </ClInclude>
    <ClInclude Include="CVector2.h">
      <Filter>头文件\Math</Filter>
    </ClInclude>
    <ClInclude Include="Shape.h">
      <Filter>头文件\Engine</Filter>
    </ClInclude>
    <ClInclude Include="Box.h">
      <Filter>头文件\Engine</Filter>
    </ClInclude>
    <ClInclude Include="Camera.h">
      <Filter>头文件\Engine</Filter>
    </ClInclude>
    <ClInclude Include="ShapeFactory.h">
      <Filter>头文件\Engine</Filter>
    </ClInclude>
    <ClInclude Include="Stage.h">
      <Filter>头文件\GameLogic</Filter>
    </ClInclude>
    <ClInclude Include="CharacterController.h">
      <Filter>头文件\GameLogic</Filter>
    </ClInclude>
    <ClInclude Include="Sphere.h">
      <Filter>头文件\Engine</Filter>
    </ClInclude>
    <ClInclude Include="SphereCollider.h">
      <Filter>头文件\Engine\Components</Filter>
    </ClInclude>
  </ItemGroup>
  <ItemGroup>
    <ClCompile Include="stdafx.cpp">
      <Filter>源文件</Filter>
    </ClCompile>
    <ClCompile Include="Assignment_2.cpp">
      <Filter>源文件</Filter>
    </ClCompile>
    <ClCompile Include="CEuler.cpp">
      <Filter>源文件\Math</Filter>
    </ClCompile>
    <ClCompile Include="CMatrix4.cpp">
      <Filter>源文件\Math</Filter>
    </ClCompile>
    <ClCompile Include="CQuaternion.cpp">
      <Filter>源文件\Math</Filter>
    </ClCompile>
    <ClCompile Include="CVector3.cpp">
      <Filter>源文件\Math</Filter>
    </ClCompile>
    <ClCompile Include="CglFont.cpp">
      <Filter>源文件\Engine</Filter>
    </ClCompile>
    <ClCompile Include="IManager.cpp">
      <Filter>源文件\Engine</Filter>
    </ClCompile>
    <ClCompile Include="InputManager.cpp">
      <Filter>源文件\Engine</Filter>
    </ClCompile>
    <ClCompile Include="GameObject.cpp">
      <Filter>源文件\Engine</Filter>
    </ClCompile>
    <ClCompile Include="Component.cpp">
      <Filter>源文件\Engine</Filter>
    </ClCompile>
    <ClCompile Include="GameObjectManager.cpp">
      <Filter>源文件\Engine</Filter>
    </ClCompile>
    <ClCompile Include="OBB.cpp">
      <Filter>源文件\Physics</Filter>
    </ClCompile>
    <ClCompile Include="PointCollision.cpp">
      <Filter>源文件\Physics</Filter>
    </ClCompile>
    <ClCompile Include="RigidBodyPrimitive.cpp">
      <Filter>源文件\Physics</Filter>
    </ClCompile>
    <ClCompile Include="EngineMainLoop.cpp">
      <Filter>源文件\Engine</Filter>
    </ClCompile>
    <ClCompile Include="RenderManager.cpp">
      <Filter>源文件\Engine</Filter>
    </ClCompile>
    <ClCompile Include="PhysicsManager.cpp">
      <Filter>源文件\Engine</Filter>
    </ClCompile>
    <ClCompile Include="TimeManager.cpp">
      <Filter>源文件\Engine</Filter>
    </ClCompile>
    <ClCompile Include="ForceGenerator.cpp">
      <Filter>源文件\Physics\Force</Filter>
    </ClCompile>
    <ClCompile Include="ForceGravity.cpp">
      <Filter>源文件\Physics\Force</Filter>
    </ClCompile>
    <ClCompile Include="BoundingSphere.cpp">
      <Filter>源文件\Physics\Collision</Filter>
    </ClCompile>
    <ClCompile Include="BVHNode.cpp">
      <Filter>源文件\Physics\Collision</Filter>
    </ClCompile>
    <ClCompile Include="PhysicsLitEnumStruct.cpp">
      <Filter>源文件\Physics</Filter>
    </ClCompile>
    <ClCompile Include="CollisionPrimitive.cpp">
      <Filter>源文件\Physics\Collision</Filter>
    </ClCompile>
    <ClCompile Include="Contact.cpp">
      <Filter>源文件\Physics\Collision</Filter>
    </ClCompile>
    <ClCompile Include="Math.cpp">
      <Filter>源文件\Math</Filter>
    </ClCompile>
    <ClCompile Include="CollisionData.cpp">
      <Filter>源文件\Physics\Collision</Filter>
    </ClCompile>
    <ClCompile Include="CollisionDetector.cpp">
      <Filter>源文件\Physics\Collision</Filter>
    </ClCompile>
    <ClCompile Include="IntersectionDetector.cpp">
      <Filter>源文件\Physics\Collision</Filter>
    </ClCompile>
    <ClCompile Include="Ray.cpp">
      <Filter>源文件\Physics\Collision</Filter>
    </ClCompile>
    <ClCompile Include="CVector4.cpp">
      <Filter>源文件\Math</Filter>
    </ClCompile>
    <ClCompile Include="Transform.cpp">
      <Filter>源文件\Engine\Components</Filter>
    </ClCompile>
    <ClCompile Include="RigidBody.cpp">
      <Filter>源文件\Engine\Components</Filter>
    </ClCompile>
    <ClCompile Include="PhysicsLit.cpp">
      <Filter>源文件\Physics</Filter>
    </ClCompile>
    <ClCompile Include="Collider.cpp">
      <Filter>源文件\Engine\Components</Filter>
    </ClCompile>
    <ClCompile Include="BoxCollider.cpp">
      <Filter>源文件\Engine\Components</Filter>
    </ClCompile>
    <ClCompile Include="ContactResolver.cpp">
      <Filter>源文件\Physics\Collision</Filter>
    </ClCompile>
    <ClCompile Include="PlaneCollider.cpp">
      <Filter>源文件\Engine\Components</Filter>
    </ClCompile>
    <ClCompile Include="CMatrix3.cpp">
      <Filter>源文件\Math</Filter>
    </ClCompile>
    <ClCompile Include="CModel.cpp">
      <Filter>源文件\Engine</Filter>
    </ClCompile>
    <ClCompile Include="CVector2.cpp">
      <Filter>源文件\Math</Filter>
    </ClCompile>
    <ClCompile Include="Shape.cpp">
      <Filter>源文件\Engine</Filter>
    </ClCompile>
    <ClCompile Include="Box.cpp">
      <Filter>源文件\Engine</Filter>
    </ClCompile>
    <ClCompile Include="Camera.cpp">
      <Filter>源文件\Engine</Filter>
    </ClCompile>
    <ClCompile Include="ShapeFactory.cpp">
      <Filter>源文件\Engine</Filter>
    </ClCompile>
    <ClCompile Include="Stage.cpp">
      <Filter>源文件\GameLogic</Filter>
    </ClCompile>
    <ClCompile Include="CharacterController.cpp">
      <Filter>源文件\GameLogic</Filter>
    </ClCompile>
    <ClCompile Include="Sphere.cpp">
      <Filter>源文件\Engine</Filter>
    </ClCompile>
    <ClCompile Include="SphereCollider.cpp">
      <Filter>源文件\Engine\Components</Filter>
    </ClCompile>
  </ItemGroup>
  <ItemGroup>
    <None Include="packages.config" />
  </ItemGroup>
</Project>